Microsoft Visual Studio Solution File, Format Version 12.00
# Visual Studio Version 17
VisualStudioVersion = 17.5.2.0
MinimumVisualStudioVersion = 10.0.40219.1
Project("{FAE04EC0-301F-11D3-BF4B-00C04F79EFBC}") = "BtBlazor", "BtBlazor.csproj", "{8732E281-3D25-8AD5-F5E6-9E7C2C8B2B5B}"
EndProject
Global
	GlobalSection(SolutionConfigurationPlatforms) = preSolution
		Debug|Any CPU = Debug|Any CPU
		Release|Any CPU = Release|Any CPU
	EndGlobalSection
	GlobalSection(ProjectConfigurationPlatforms) = postSolution
		{8732E281-3D25-8AD5-F5E6-9E7C2C8B2B5B}.Debug|Any CPU.ActiveCfg = Debug|Any CPU
		{8732E281-3D25-8AD5-F5E6-9E7C2C8B2B5B}.Debug|Any CPU.Build.0 = Debug|Any CPU
		{8732E281-3D25-8AD5-F5E6-9E7C2C8B2B5B}.Release|Any CPU.ActiveCfg = Release|Any CPU
		{8732E281-3D25-8AD5-F5E6-9E7C2C8B2B5B}.Release|Any CPU.Build.0 = Release|Any CPU
	EndGlobalSection
	GlobalSection(SolutionProperties) = preSolution
		HideSolutionNode = FALSE
	EndGlobalSection
	GlobalSection(ExtensibilityGlobals) = postSolution
		SolutionGuid = {FF4F6841-C6D6-4B7A-89CB-66FF4D8101EA}
	EndGlobalSection
EndGlobal
